{
    "_readme": [
        "This file locks the dependencies of your project to a known state",
        "Read more about it at https://getcomposer.org/doc/01-basic-usage.md#installing-dependencies",
        "This file is @generated automatically"
    ],
    "content-hash": "2be6558e9f3b0fafdfab066ee03440c3",
    "packages": [
        {
            "name": "designink/designink-wp-framework",
            "version": "1.1.1",
            "source": {
                "type": "git",
                "url": "https://github.com/designink-digital/designink-wp-framework.git",
                "reference": "87940520af594be77e51f617d873c5aef846454e"
            },
            "dist": {
                "type": "zip",
                "url": "https://api.github.com/repos/designink-digital/designink-wp-framework/zipball/87940520af594be77e51f617d873c5aef846454e",
                "reference": "87940520af594be77e51f617d873c5aef846454e",
                "shasum": ""
            },
            "type": "library",
            "notification-url": "https://packagist.org/downloads/",
            "license": [
                "GPL-3.0"
            ],
            "authors": [
                {
                    "name": "Kyle Niemiec",
                    "email": "kyle@designinkdigital.com"
                }
            ],
            "description": "DesignInk Digital's internal framework for facilitating WordPress development.",
            "time": "2021-04-14T04:35:38+00:00"
        }
    ],
    "packages-dev": [],
    "aliases": [],
    "minimum-stability": "stable",
    "stability-flags": [],
    "prefer-stable": false,
    "prefer-lowest": false,
    "platform": [],
    "platform-dev": [],
    "plugin-api-version": "1.1.0"
}
